PODS:
  - Capacitor (7.4.4):
    - CapacitorCordova
  - CapacitorApp (7.1.2):
    - Capacitor
  - CapacitorBrowser (7.0.2):
    - Capacitor
  - CapacitorCordova (7.4.4)
  - CapacitorFilesystem (7.1.8):
    - Capacitor
    - IONFilesystemLib (~> 1.1.1)
  - CapacitorKeyboard (7.0.6):
    - Capacitor
  - CapacitorShare (7.0.4):
    - Capacitor
  - CapgoCapacitorLlm (7.2.15):
    - Capacitor
    - MediaPipeTasksGenAI
    - MediaPipeTasksGenAIC
  - IONFilesystemLib (1.1.2)
  - MediaPipeTasksGenAI (0.10.21):
    - MediaPipeTasksGenAIC (= 0.10.21)
  - MediaPipeTasksGenAIC (0.10.21)
  - Sentry (8.58.0):
    - Sentry/Core (= 8.58.0)
  - Sentry/Core (8.58.0)

DEPENDENCIES:
  - "Capacitor (from `../../node_modules/.pnpm/@capacitor+ios@7.4.4_@capacitor+core@7.6.5/node_modules/@capacitor/ios`)"
  - "CapacitorApp (from `../../node_modules/.pnpm/@capacitor+app@7.1.2_@capacitor+core@7.6.5/node_modules/@capacitor/app`)"
  - "CapacitorBrowser (from `../../node_modules/.pnpm/@capacitor+browser@7.0.2_@capacitor+core@7.6.5/node_modules/@capacitor/browser`)"
  - "CapacitorCordova (from `../../node_modules/.pnpm/@capacitor+ios@7.4.4_@capacitor+core@7.6.5/node_modules/@capacitor/ios`)"
  - "CapacitorFilesystem (from `../../node_modules/.pnpm/@capacitor+filesystem@7.1.8_@capacitor+core@7.6.5/node_modules/@capacitor/filesystem`)"
  - "CapacitorKeyboard (from `../../node_modules/.pnpm/@capacitor+keyboard@7.0.6_@capacitor+core@7.6.5/node_modules/@capacitor/keyboard`)"
  - "CapacitorShare (from `../../node_modules/.pnpm/@capacitor+share@7.0.4_@capacitor+core@7.6.5/node_modules/@capacitor/share`)"
  - "CapgoCapacitorLlm (from `../../node_modules/.pnpm/@capgo+capacitor-llm@7.2.15_@capacitor+core@7.6.5_@mediapipe+tasks-genai@0.10.29/node_modules/@capgo/capacitor-llm`)"
  - Sentry

SPEC REPOS:
  trunk:
    - IONFilesystemLib
    - MediaPipeTasksGenAI
    - MediaPipeTasksGenAIC
    - Sentry

EXTERNAL SOURCES:
  Capacitor:
    :path: "../../node_modules/.pnpm/@capacitor+ios@7.4.4_@capacitor+core@7.6.5/node_modules/@capacitor/ios"
  CapacitorApp:
    :path: "../../node_modules/.pnpm/@capacitor+app@7.1.2_@capacitor+core@7.6.5/node_modules/@capacitor/app"
  CapacitorBrowser:
    :path: "../../node_modules/.pnpm/@capacitor+browser@7.0.2_@capacitor+core@7.6.5/node_modules/@capacitor/browser"
  CapacitorCordova:
    :path: "../../node_modules/.pnpm/@capacitor+ios@7.4.4_@capacitor+core@7.6.5/node_modules/@capacitor/ios"
  CapacitorFilesystem:
    :path: "../../node_modules/.pnpm/@capacitor+filesystem@7.1.8_@capacitor+core@7.6.5/node_modules/@capacitor/filesystem"
  CapacitorKeyboard:
    :path: "../../node_modules/.pnpm/@capacitor+keyboard@7.0.6_@capacitor+core@7.6.5/node_modules/@capacitor/keyboard"
  CapacitorShare:
    :path: "../../node_modules/.pnpm/@capacitor+share@7.0.4_@capacitor+core@7.6.5/node_modules/@capacitor/share"
  CapgoCapacitorLlm:
    :path: "../../node_modules/.pnpm/@capgo+capacitor-llm@7.2.15_@capacitor+core@7.6.5_@mediapipe+tasks-genai@0.10.29/node_modules/@capgo/capacitor-llm"

SPEC CHECKSUMS:
  Capacitor: 358dd1c3fdd71d969547b17e159fd8a7736cb45f
  CapacitorApp: f01a913211780e0718dae9750442c3e23f96e106
  CapacitorBrowser: 22541e48442de44dc629c214388290d6eecc6ae9
  CapacitorCordova: bf648a636f3c153f652d312ae145fb508b6ffced
  CapacitorFilesystem: c63fc54df41e5a6761785a7f3c49dc696c22e296
  CapacitorKeyboard: a2e0869edd229490ce36aed2549c0d6b95e27ee8
  CapacitorShare: 25f7fc5dd0e4edbde5d6801c6de5d14a8b450a41
  CapgoCapacitorLlm: 5cb42c64f42203effe5a3da59331619d3cd45c10
  IONFilesystemLib: 21a63377696b2d8fab5632ecfb7d2ac67bddb68a
  MediaPipeTasksGenAI: 64f91ec1f2666abeb6dc719a8e8d1e2bf36374c0
  MediaPipeTasksGenAIC: 1df8d7c6fcbe797d2a04a514edd8b31445291ec8
  Sentry: d587a8fe91ca13503ecd69a1905f3e8a0fcf61be

PODFILE CHECKSUM: 8a17ca52a352e022cdcff25ea1e4cef4d7cd6fb0

COCOAPODS: 1.16.2
